// !$*UTF8*$!
{
	archiveVersion = 1;
	classes = {
	};
	objectVersion = 50;
	objects = {

/* Begin PBXBuildFile section */
		52B52B45220A5C65000AD4B6 /* main.cpp in Sources */ = {isa = PBXBuildFile; fileRef = 52B52B44220A5C65000AD4B6 /* main.cpp */; };
		52B52B4F220A5F49000AD4B6 /* Scanner.cpp in Sources */ = {isa = PBXBuildFile; fileRef = 52B52B4C220A5F49000AD4B6 /* Scanner.cpp */; };
		52B52B50220A5F49000AD4B6 /* Token.cpp in Sources */ = {isa = PBXBuildFile; fileRef = 52B52B4D220A5F49000AD4B6 /* Token.cpp */; };
		52B52B54220B5AE7000AD4B6 /* Parser.cpp in Sources */ = {isa = PBXBuildFile; fileRef = 52B52B52220B5AE7000AD4B6 /* Parser.cpp */; };
		52B52B57220B5BA3000AD4B6 /* DatalogProgram.cpp in Sources */ = {isa = PBXBuildFile; fileRef = 52B52B55220B5BA3000AD4B6 /* DatalogProgram.cpp */; };
		52B52B5A220B5BE9000AD4B6 /* Predicate.cpp in Sources */ = {isa = PBXBuildFile; fileRef = 52B52B58220B5BE9000AD4B6 /* Predicate.cpp */; };
		52B52B5D220B5BF5000AD4B6 /* Rule.cpp in Sources */ = {isa = PBXBuildFile; fileRef = 52B52B5B220B5BF5000AD4B6 /* Rule.cpp */; };
		52B52B60220B5C06000AD4B6 /* Parameter.cpp in Sources */ = {isa = PBXBuildFile; fileRef = 52B52B5E220B5C06000AD4B6 /* Parameter.cpp */; };
/* End PBXBuildFile section */

/* Begin PBXCopyFilesBuildPhase section */
		52B52B3F220A5C65000AD4B6 /* CopyFiles */ = {
			isa = PBXCopyFilesBuildPhase;
			buildActionMask = 2147483647;
			dstPath = /usr/share/man/man1/;
			dstSubfolderSpec = 0;
			files = (
			);
			runOnlyForDeploymentPostprocessing = 1;
		};
/* End PBXCopyFilesBuildPhase section */

/* Begin PBXFileReference section */
		52B52B41220A5C65000AD4B6 /* Project2 */ = {isa = PBXFileReference; explicitFileType = "compiled.mach-o.executable"; includeInIndex = 0; path = Project2; sourceTree = BUILT_PRODUCTS_DIR; };
		52B52B44220A5C65000AD4B6 /* main.cpp */ = {isa = PBXFileReference; lastKnownFileType = sourcecode.cpp.cpp; path = main.cpp; sourceTree = "<group>"; };
		52B52B4B220A5F49000AD4B6 /* Scanner.h */ = {isa = PBXFileReference; fileEncoding = 4; lastKnownFileType = sourcecode.c.h; path = Scanner.h; sourceTree = "<group>"; };
		52B52B4C220A5F49000AD4B6 /* Scanner.cpp */ = {isa = PBXFileReference; fileEncoding = 4; lastKnownFileType = sourcecode.cpp.cpp; path = Scanner.cpp; sourceTree = "<group>"; };
		52B52B4D220A5F49000AD4B6 /* Token.cpp */ = {isa = PBXFileReference; fileEncoding = 4; lastKnownFileType = sourcecode.cpp.cpp; path = Token.cpp; sourceTree = "<group>"; };
		52B52B4E220A5F49000AD4B6 /* Token.h */ = {isa = PBXFileReference; fileEncoding = 4; lastKnownFileType = sourcecode.c.h; path = Token.h; sourceTree = "<group>"; };
		52B52B51220A5F68000AD4B6 /* test */ = {isa = PBXFileReference; lastKnownFileType = folder; path = test; sourceTree = "<group>"; };
		52B52B52220B5AE7000AD4B6 /* Parser.cpp */ = {isa = PBXFileReference; lastKnownFileType = sourcecode.cpp.cpp; path = Parser.cpp; sourceTree = "<group>"; };
		52B52B53220B5AE7000AD4B6 /* Parser.h */ = {isa = PBXFileReference; lastKnownFileType = sourcecode.c.h; path = Parser.h; sourceTree = "<group>"; };
		52B52B55220B5BA3000AD4B6 /* DatalogProgram.cpp */ = {isa = PBXFileReference; lastKnownFileType = sourcecode.cpp.cpp; path = DatalogProgram.cpp; sourceTree = "<group>"; };
		52B52B56220B5BA3000AD4B6 /* DatalogProgram.h */ = {isa = PBXFileReference; lastKnownFileType = sourcecode.c.h; path = DatalogProgram.h; sourceTree = "<group>"; };
		52B52B58220B5BE9000AD4B6 /* Predicate.cpp */ = {isa = PBXFileReference; lastKnownFileType = sourcecode.cpp.cpp; path = Predicate.cpp; sourceTree = "<group>"; };
		52B52B59220B5BE9000AD4B6 /* Predicate.h */ = {isa = PBXFileReference; lastKnownFileType = sourcecode.c.h; path = Predicate.h; sourceTree = "<group>"; };
		52B52B5B220B5BF5000AD4B6 /* Rule.cpp */ = {isa = PBXFileReference; lastKnownFileType = sourcecode.cpp.cpp; path = Rule.cpp; sourceTree = "<group>"; };
		52B52B5C220B5BF5000AD4B6 /* Rule.h */ = {isa = PBXFileReference; lastKnownFileType = sourcecode.c.h; path = Rule.h; sourceTree = "<group>"; };
		52B52B5E220B5C06000AD4B6 /* Parameter.cpp */ = {isa = PBXFileReference; lastKnownFileType = sourcecode.cpp.cpp; path = Parameter.cpp; sourceTree = "<group>"; };
		52B52B5F220B5C06000AD4B6 /* Parameter.h */ = {isa = PBXFileReference; lastKnownFileType = sourcecode.c.h; path = Parameter.h; sourceTree = "<group>"; };
/* End PBXFileReference section */

/* Begin PBXFrameworksBuildPhase section */
		52B52B3E220A5C65000AD4B6 /* Frameworks */ = {
			isa = PBXFrameworksBuildPhase;
			buildActionMask = 2147483647;
			files = (
			);
			runOnlyForDeploymentPostprocessing = 0;
		};
/* End PBXFrameworksBuildPhase section */

/* Begin PBXGroup section */
		52B52B38220A5C65000AD4B6 = {
			isa = PBXGroup;
			children = (
				52B52B43220A5C65000AD4B6 /* Project2 */,
				52B52B42220A5C65000AD4B6 /* Products */,
			);
			sourceTree = "<group>";
		};
		52B52B42220A5C65000AD4B6 /* Products */ = {
			isa = PBXGroup;
			children = (
				52B52B41220A5C65000AD4B6 /* Project2 */,
			);
			name = Products;
			sourceTree = "<group>";
		};
		52B52B43220A5C65000AD4B6 /* Project2 */ = {
			isa = PBXGroup;
			children = (
				52B52B51220A5F68000AD4B6 /* test */,
				52B52B4C220A5F49000AD4B6 /* Scanner.cpp */,
				52B52B4B220A5F49000AD4B6 /* Scanner.h */,
				52B52B4D220A5F49000AD4B6 /* Token.cpp */,
				52B52B4E220A5F49000AD4B6 /* Token.h */,
				52B52B44220A5C65000AD4B6 /* main.cpp */,
				52B52B52220B5AE7000AD4B6 /* Parser.cpp */,
				52B52B53220B5AE7000AD4B6 /* Parser.h */,
				52B52B55220B5BA3000AD4B6 /* DatalogProgram.cpp */,
				52B52B56220B5BA3000AD4B6 /* DatalogProgram.h */,
				52B52B58220B5BE9000AD4B6 /* Predicate.cpp */,
				52B52B59220B5BE9000AD4B6 /* Predicate.h */,
				52B52B5B220B5BF5000AD4B6 /* Rule.cpp */,
				52B52B5C220B5BF5000AD4B6 /* Rule.h */,
				52B52B5E220B5C06000AD4B6 /* Parameter.cpp */,
				52B52B5F220B5C06000AD4B6 /* Parameter.h */,
			);
			path = Project2;
			sourceTree = "<group>";
		};
/* End PBXGroup section */

/* Begin PBXNativeTarget section */
		52B52B40220A5C65000AD4B6 /* Project2 */ = {
			isa = PBXNativeTarget;
			buildConfigurationList = 52B52B48220A5C65000AD4B6 /* Build configuration list for PBXNativeTarget "Project2" */;
			buildPhases = (
				52B52B3D220A5C65000AD4B6 /* Sources */,
				52B52B3E220A5C65000AD4B6 /* Frameworks */,
				52B52B3F220A5C65000AD4B6 /* CopyFiles */,
			);
			buildRules = (
			);
			dependencies = (
			);
			name = Project2;
			productName = Project2;
			productReference = 52B52B41220A5C65000AD4B6 /* Project2 */;
			productType = "com.apple.product-type.tool";
		};
/* End PBXNativeTarget section */

/* Begin PBXProject section */
		52B52B39220A5C65000AD4B6 /* Project object */ = {
			isa = PBXProject;
			attributes = {
				LastUpgradeCheck = 1010;
				ORGANIZATIONNAME = "Cam Brown";
				TargetAttributes = {
					52B52B40220A5C65000AD4B6 = {
						CreatedOnToolsVersion = 10.1;
					};
				};
			};
			buildConfigurationList = 52B52B3C220A5C65000AD4B6 /* Build configuration list for PBXProject "Project2" */;
			compatibilityVersion = "Xcode 9.3";
			developmentRegion = en;
			hasScannedForEncodings = 0;
			knownRegions = (
				en,
			);
			mainGroup = 52B52B38220A5C65000AD4B6;
			productRefGroup = 52B52B42220A5C65000AD4B6 /* Products */;
			projectDirPath = "";
			projectRoot = "";
			targets = (
				52B52B40220A5C65000AD4B6 /* Project2 */,
			);
		};
/* End PBXProject section */

/* Begin PBXSourcesBuildPhase section */
		52B52B3D220A5C65000AD4B6 /* Sources */ = {
			isa = PBXSourcesBuildPhase;
			buildActionMask = 2147483647;
			files = (
				52B52B54220B5AE7000AD4B6 /* Parser.cpp in Sources */,
				52B52B5A220B5BE9000AD4B6 /* Predicate.cpp in Sources */,
				52B52B50220A5F49000AD4B6 /* Token.cpp in Sources */,
				52B52B5D220B5BF5000AD4B6 /* Rule.cpp in Sources */,
				52B52B57220B5BA3000AD4B6 /* DatalogProgram.cpp in Sources */,
				52B52B4F220A5F49000AD4B6 /* Scanner.cpp in Sources */,
				52B52B45220A5C65000AD4B6 /* main.cpp in Sources */,
				52B52B60220B5C06000AD4B6 /* Parameter.cpp in Sources */,
			);
			runOnlyForDeploymentPostprocessing = 0;
		};
/* End PBXSourcesBuildPhase section */

/* Begin XCBuildConfiguration section */
		52B52B46220A5C65000AD4B6 /* Debug */ = {
			isa = XCBuildConfiguration;
			buildSettings = {
				ALWAYS_SEARCH_USER_PATHS = NO;
				CLANG_ANALYZER_NONNULL = YES;
				CLANG_ANALYZER_NUMBER_OBJECT_CONVERSION = YES_AGGRESSIVE;
				CLANG_CXX_LANGUAGE_STANDARD = "gnu++14";
				CLANG_CXX_LIBRARY = "libc++";
				CLANG_ENABLE_MODULES = YES;
				CLANG_ENABLE_OBJC_ARC = YES;
				CLANG_ENABLE_OBJC_WEAK = YES;
				CLANG_WARN_BLOCK_CAPTURE_AUTORELEASING = YES;
				CLANG_WARN_BOOL_CONVERSION = YES;
				CLANG_WARN_COMMA = YES;
				CLANG_WARN_CONSTANT_CONVERSION = YES;
				CLANG_WARN_DEPRECATED_OBJC_IMPLEMENTATIONS = YES;
				CLANG_WARN_DIRECT_OBJC_ISA_USAGE = YES_ERROR;
				CLANG_WARN_DOCUMENTATION_COMMENTS = YES;
				CLANG_WARN_EMPTY_BODY = YES;
				CLANG_WARN_ENUM_CONVERSION = YES;
				CLANG_WARN_INFINITE_RECURSION = YES;
				CLANG_WARN_INT_CONVERSION = YES;
				CLANG_WARN_NON_LITERAL_NULL_CONVERSION = YES;
				CLANG_WARN_OBJC_IMPLICIT_RETAIN_SELF = YES;
				CLANG_WARN_OBJC_LITERAL_CONVERSION = YES;
				CLANG_WARN_OBJC_ROOT_CLASS = YES_ERROR;
				CLANG_WARN_RANGE_LOOP_ANALYSIS = YES;
				CLANG_WARN_STRICT_PROTOTYPES = YES;
				CLANG_WARN_SUSPICIOUS_MOVE = YES;
				CLANG_WARN_UNGUARDED_AVAILABILITY = YES_AGGRESSIVE;
				CLANG_WARN_UNREACHABLE_CODE = YES;
				CLANG_WARN__DUPLICATE_METHOD_MATCH = YES;
				CODE_SIGN_IDENTITY = "-";
				COPY_PHASE_STRIP = NO;
				DEBUG_INFORMATION_FORMAT = dwarf;
				ENABLE_STRICT_OBJC_MSGSEND = YES;
				ENABLE_TESTABILITY = YES;
				GCC_C_LANGUAGE_STANDARD = gnu11;
				GCC_DYNAMIC_NO_PIC = NO;
				GCC_NO_COMMON_BLOCKS = YES;
				GCC_OPTIMIZATION_LEVEL = 0;
				GCC_PREPROCESSOR_DEFINITIONS = (
					"DEBUG=1",
					"$(inherited)",
				);
				GCC_WARN_64_TO_32_BIT_CONVERSION = YES;
				GCC_WARN_ABOUT_RETURN_TYPE = YES_ERROR;
				GCC_WARN_UNDECLARED_SELECTOR = YES;
				GCC_WARN_UNINITIALIZED_AUTOS = YES_AGGRESSIVE;
				GCC_WARN_UNUSED_FUNCTION = YES;
				GCC_WARN_UNUSED_VARIABLE = YES;
				MACOSX_DEPLOYMENT_TARGET = 10.14;
				MTL_ENABLE_DEBUG_INFO = INCLUDE_SOURCE;
				MTL_FAST_MATH = YES;
				ONLY_ACTIVE_ARCH = YES;
				SDKROOT = macosx;
			};
			name = Debug;
		};
		52B52B47220A5C65000AD4B6 /* Release */ = {
			isa = XCBuildConfiguration;
			buildSettings = {
				ALWAYS_SEARCH_USER_PATHS = NO;
				CLANG_ANALYZER_NONNULL = YES;
				CLANG_ANALYZER_NUMBER_OBJECT_CONVERSION = YES_AGGRESSIVE;
				CLANG_CXX_LANGUAGE_STANDARD = "gnu++14";
				CLANG_CXX_LIBRARY = "libc++";
				CLANG_ENABLE_MODULES = YES;
				CLANG_ENABLE_OBJC_ARC = YES;
				CLANG_ENABLE_OBJC_WEAK = YES;
				CLANG_WARN_BLOCK_CAPTURE_AUTORELEASING = YES;
				CLANG_WARN_BOOL_CONVERSION = YES;
				CLANG_WARN_COMMA = YES;
				CLANG_WARN_CONSTANT_CONVERSION = YES;
				CLANG_WARN_DEPRECATED_OBJC_IMPLEMENTATIONS = YES;
				CLANG_WARN_DIRECT_OBJC_ISA_USAGE = YES_ERROR;
				CLANG_WARN_DOCUMENTATION_COMMENTS = YES;
				CLANG_WARN_EMPTY_BODY = YES;
				CLANG_WARN_ENUM_CONVERSION = YES;
				CLANG_WARN_INFINITE_RECURSION = YES;
				CLANG_WARN_INT_CONVERSION = YES;
				CLANG_WARN_NON_LITERAL_NULL_CONVERSION = YES;
				CLANG_WARN_OBJC_IMPLICIT_RETAIN_SELF = YES;
				CLANG_WARN_OBJC_LITERAL_CONVERSION = YES;
				CLANG_WARN_OBJC_ROOT_CLASS = YES_ERROR;
				CLANG_WARN_RANGE_LOOP_ANALYSIS = YES;
				CLANG_WARN_STRICT_PROTOTYPES = YES;
				CLANG_WARN_SUSPICIOUS_MOVE = YES;
				CLANG_WARN_UNGUARDED_AVAILABILITY = YES_AGGRESSIVE;
				CLANG_WARN_UNREACHABLE_CODE = YES;
				CLANG_WARN__DUPLICATE_METHOD_MATCH = YES;
				CODE_SIGN_IDENTITY = "-";
				COPY_PHASE_STRIP = NO;
				DEBUG_INFORMATION_FORMAT = "dwarf-with-dsym";
				ENABLE_NS_ASSERTIONS = NO;
				ENABLE_STRICT_OBJC_MSGSEND = YES;
				GCC_C_LANGUAGE_STANDARD = gnu11;
				GCC_NO_COMMON_BLOCKS = YES;
				GCC_WARN_64_TO_32_BIT_CONVERSION = YES;
				GCC_WARN_ABOUT_RETURN_TYPE = YES_ERROR;
				GCC_WARN_UNDECLARED_SELECTOR = YES;
				GCC_WARN_UNINITIALIZED_AUTOS = YES_AGGRESSIVE;
				GCC_WARN_UNUSED_FUNCTION = YES;
				GCC_WARN_UNUSED_VARIABLE = YES;
				MACOSX_DEPLOYMENT_TARGET = 10.14;
				MTL_ENABLE_DEBUG_INFO = NO;
				MTL_FAST_MATH = YES;
				SDKROOT = macosx;
			};
			name = Release;
		};
		52B52B49220A5C65000AD4B6 /* Debug */ = {
			isa = XCBuildConfiguration;
			buildSettings = {
				CODE_SIGN_STYLE = Automatic;
				PRODUCT_NAME = "$(TARGET_NAME)";
			};
			name = Debug;
		};
		52B52B4A220A5C65000AD4B6 /* Release */ = {
			isa = XCBuildConfiguration;
			buildSettings = {
				CODE_SIGN_STYLE = Automatic;
				PRODUCT_NAME = "$(TARGET_NAME)";
			};
			name = Release;
		};
/* End XCBuildConfiguration section */

/* Begin XCConfigurationList section */
		52B52B3C220A5C65000AD4B6 /* Build configuration list for PBXProject "Project2" */ = {
			isa = XCConfigurationList;
			buildConfigurations = (
				52B52B46220A5C65000AD4B6 /* Debug */,
				52B52B47220A5C65000AD4B6 /* Release */,
			);
			defaultConfigurationIsVisible = 0;
			defaultConfigurationName = Release;
		};
		52B52B48220A5C65000AD4B6 /* Build configuration list for PBXNativeTarget "Project2" */ = {
			isa = XCConfigurationList;
			buildConfigurations = (
				52B52B49220A5C65000AD4B6 /* Debug */,
				52B52B4A220A5C65000AD4B6 /* Release */,
			);
			defaultConfigurationIsVisible = 0;
			defaultConfigurationName = Release;
		};
/* End XCConfigurationList section */
	};
	rootObject = 52B52B39220A5C65000AD4B6 /* Project object */;
}
